// !$*UTF8*$!
{
	archiveVersion = 1;
	classes = {
	};
	objectVersion = 46;
	objects = {

/* Begin PBXBuildFile section */
		AF3155A11D11F209009025DE /* AppDelegate.swift in Sources */ = {isa = PBXBuildFile; fileRef = AF3155A01D11F209009025DE /* AppDelegate.swift */; };
		AF3155A61D11F209009025DE /* Main.storyboard in Resources */ = {isa = PBXBuildFile; fileRef = AF3155A41D11F209009025DE /* Main.storyboard */; };
		AF3155A81D11F209009025DE /* Assets.xcassets in Resources */ = {isa = PBXBuildFile; fileRef = AF3155A71D11F209009025DE /* Assets.xcassets */; };
		AF3155AB1D11F209009025DE /* LaunchScreen.storyboard in Resources */ = {isa = PBXBuildFile; fileRef = AF3155A91D11F209009025DE /* LaunchScreen.storyboard */; };
		AF3155B61D11F209009025DE /* flixappTests.swift in Sources */ = {isa = PBXBuildFile; fileRef = AF3155B51D11F209009025DE /* flixappTests.swift */; };
		AF3155C11D11F209009025DE /* flixappUITests.swift in Sources */ = {isa = PBXBuildFile; fileRef = AF3155C01D11F209009025DE /* flixappUITests.swift */; };
		AF3155CF1D11F265009025DE /* MovieViewController.swift in Sources */ = {isa = PBXBuildFile; fileRef = AF3155CE1D11F265009025DE /* MovieViewController.swift */; };
		AF3155D21D11FAA8009025DE /* MovieCell.swift in Sources */ = {isa = PBXBuildFile; fileRef = AF3155D11D11FAA8009025DE /* MovieCell.swift */; };
		AFA466891D128F8100F50E7A /* DetailViewController.swift in Sources */ = {isa = PBXBuildFile; fileRef = AFA466881D128F8100F50E7A /* DetailViewController.swift */; };
		AFA466CB1D14988700F50E7A /* RentalViewController.swift in Sources */ = {isa = PBXBuildFile; fileRef = AFA466CA1D14988700F50E7A /* RentalViewController.swift */; };
		AFA466CD1D14A30000F50E7A /* RentalCell.swift in Sources */ = {isa = PBXBuildFile; fileRef = AFA466CC1D14A30000F50E7A /* RentalCell.swift */; };
		AFA466CF1D14BFB200F50E7A /* RentalDetailViewController.swift in Sources */ = {isa = PBXBuildFile; fileRef = AFA466CE1D14BFB200F50E7A /* RentalDetailViewController.swift */; };
		B1BBBC756BF9B847081C91A9 /* Pods_flixappUITests.framework in Frameworks */ = {isa = PBXBuildFile; fileRef = 6874094225D95CA04A34BB0C /* Pods_flixappUITests.framework */; };
		CC15B6543F189C49388C534A /* Pods_flixapp.framework in Frameworks */ = {isa = PBXBuildFile; fileRef = D981E39E3CB2139A9752873A /* Pods_flixapp.framework */; };
		D4BCB96E4495C173FC478DBA /* Pods_flixappTests.framework in Frameworks */ = {isa = PBXBuildFile; fileRef = E2255638DBC3CB127910AD06 /* Pods_flixappTests.framework */; };
/* End PBXBuildFile section */

/* Begin PBXContainerItemProxy section */
		AF3155B21D11F209009025DE /* PBXContainerItemProxy */ = {
			isa = PBXContainerItemProxy;
			containerPortal = AF3155951D11F209009025DE /* Project object */;
			proxyType = 1;
			remoteGlobalIDString = AF31559C1D11F209009025DE;
			remoteInfo = flixapp;
		};
		AF3155BD1D11F209009025DE /* PBXContainerItemProxy */ = {
			isa = PBXContainerItemProxy;
			containerPortal = AF3155951D11F209009025DE /* Project object */;
			proxyType = 1;
			remoteGlobalIDString = AF31559C1D11F209009025DE;
			remoteInfo = flixapp;
		};
/* End PBXContainerItemProxy section */

/* Begin PBXFileReference section */
		0CF9492DD7240EB9E04B273C /* Pods-flixappTests.release.xcconfig */ = {isa = PBXFileReference; includeInIndex = 1; lastKnownFileType = text.xcconfig; name = "Pods-flixappTests.release.xcconfig"; path = "Pods/Target Support Files/Pods-flixappTests/Pods-flixappTests.release.xcconfig"; sourceTree = "<group>"; };
		1A44C5C8F72B3C9B9AD9D19E /* Pods-flixapp.release.xcconfig */ = {isa = PBXFileReference; includeInIndex = 1; lastKnownFileType = text.xcconfig; name = "Pods-flixapp.release.xcconfig"; path = "Pods/Target Support Files/Pods-flixapp/Pods-flixapp.release.xcconfig"; sourceTree = "<group>"; };
		31B424325E35CF345DF629C5 /* Pods-flixapp.debug.xcconfig */ = {isa = PBXFileReference; includeInIndex = 1; lastKnownFileType = text.xcconfig; name = "Pods-flixapp.debug.xcconfig"; path = "Pods/Target Support Files/Pods-flixapp/Pods-flixapp.debug.xcconfig"; sourceTree = "<group>"; };
		6874094225D95CA04A34BB0C /* Pods_flixappUITests.framework */ = {isa = PBXFileReference; explicitFileType = wrapper.framework; includeInIndex = 0; path = Pods_flixappUITests.framework; sourceTree = BUILT_PRODUCTS_DIR; };
		68C6145B2430E4CD56579293 /* Pods-flixappTests.debug.xcconfig */ = {isa = PBXFileReference; includeInIndex = 1; lastKnownFileType = text.xcconfig; name = "Pods-flixappTests.debug.xcconfig"; path = "Pods/Target Support Files/Pods-flixappTests/Pods-flixappTests.debug.xcconfig"; sourceTree = "<group>"; };
		7A190F2E6AA5298990C4674E /* Pods-flixappUITests.release.xcconfig */ = {isa = PBXFileReference; includeInIndex = 1; lastKnownFileType = text.xcconfig; name = "Pods-flixappUITests.release.xcconfig"; path = "Pods/Target Support Files/Pods-flixappUITests/Pods-flixappUITests.release.xcconfig"; sourceTree = "<group>"; };
		80E253835910E5C166ACAF8E /* Pods-flixappUITests.debug.xcconfig */ = {isa = PBXFileReference; includeInIndex = 1; lastKnownFileType = text.xcconfig; name = "Pods-flixappUITests.debug.xcconfig"; path = "Pods/Target Support Files/Pods-flixappUITests/Pods-flixappUITests.debug.xcconfig"; sourceTree = "<group>"; };
		AF31559D1D11F209009025DE /* flixapp.app */ = {isa = PBXFileReference; explicitFileType = wrapper.application; includeInIndex = 0; path = flixapp.app; sourceTree = BUILT_PRODUCTS_DIR; };
		AF3155A01D11F209009025DE /* AppDelegate.swift */ = {isa = PBXFileReference; lastKnownFileType = sourcecode.swift; path = AppDelegate.swift; sourceTree = "<group>"; };
		AF3155A51D11F209009025DE /* Base */ = {isa = PBXFileReference; lastKnownFileType = file.storyboard; name = Base; path = Base.lproj/Main.storyboard; sourceTree = "<group>"; };
		AF3155A71D11F209009025DE /* Assets.xcassets */ = {isa = PBXFileReference; lastKnownFileType = folder.assetcatalog; path = Assets.xcassets; sourceTree = "<group>"; };
		AF3155AA1D11F209009025DE /* Base */ = {isa = PBXFileReference; lastKnownFileType = file.storyboard; name = Base; path = Base.lproj/LaunchScreen.storyboard; sourceTree = "<group>"; };
		AF3155AC1D11F209009025DE /* Info.plist */ = {isa = PBXFileReference; lastKnownFileType = text.plist.xml; path = Info.plist; sourceTree = "<group>"; };
		AF3155B11D11F209009025DE /* flixappTests.xctest */ = {isa = PBXFileReference; explicitFileType = wrapper.cfbundle; includeInIndex = 0; path = flixappTests.xctest; sourceTree = BUILT_PRODUCTS_DIR; };
		AF3155B51D11F209009025DE /* flixappTests.swift */ = {isa = PBXFileReference; lastKnownFileType = sourcecode.swift; path = flixappTests.swift; sourceTree = "<group>"; };
		AF3155B71D11F209009025DE /* Info.plist */ = {isa = PBXFileReference; lastKnownFileType = text.plist.xml; path = Info.plist; sourceTree = "<group>"; };
		AF3155BC1D11F209009025DE /* flixappUITests.xctest */ = {isa = PBXFileReference; explicitFileType = wrapper.cfbundle; includeInIndex = 0; path = flixappUITests.xctest; sourceTree = BUILT_PRODUCTS_DIR; };
		AF3155C01D11F209009025DE /* flixappUITests.swift */ = {isa = PBXFileReference; lastKnownFileType = sourcecode.swift; path = flixappUITests.swift; sourceTree = "<group>"; };
		AF3155C21D11F209009025DE /* Info.plist */ = {isa = PBXFileReference; lastKnownFileType = text.plist.xml; path = Info.plist; sourceTree = "<group>"; };
		AF3155CE1D11F265009025DE /* MovieViewController.swift */ = {isa = PBXFileReference; fileEncoding = 4; lastKnownFileType = sourcecode.swift; path = MovieViewController.swift; sourceTree = "<group>"; };
		AF3155D11D11FAA8009025DE /* MovieCell.swift */ = {isa = PBXFileReference; fileEncoding = 4; lastKnownFileType = sourcecode.swift; path = MovieCell.swift; sourceTree = "<group>"; };
		AFA466881D128F8100F50E7A /* DetailViewController.swift */ = {isa = PBXFileReference; fileEncoding = 4; lastKnownFileType = sourcecode.swift; path = DetailViewController.swift; sourceTree = "<group>"; };
		AFA466CA1D14988700F50E7A /* RentalViewController.swift */ = {isa = PBXFileReference; fileEncoding = 4; lastKnownFileType = sourcecode.swift; path = RentalViewController.swift; sourceTree = "<group>"; };
		AFA466CC1D14A30000F50E7A /* RentalCell.swift */ = {isa = PBXFileReference; fileEncoding = 4; lastKnownFileType = sourcecode.swift; path = RentalCell.swift; sourceTree = "<group>"; };
		AFA466CE1D14BFB200F50E7A /* RentalDetailViewController.swift */ = {isa = PBXFileReference; fileEncoding = 4; lastKnownFileType = sourcecode.swift; path = RentalDetailViewController.swift; sourceTree = "<group>"; };
		D981E39E3CB2139A9752873A /* Pods_flixapp.framework */ = {isa = PBXFileReference; explicitFileType = wrapper.framework; includeInIndex = 0; path = Pods_flixapp.framework; sourceTree = BUILT_PRODUCTS_DIR; };
		E2255638DBC3CB127910AD06 /* Pods_flixappTests.framework */ = {isa = PBXFileReference; explicitFileType = wrapper.framework; includeInIndex = 0; path = Pods_flixappTests.framework; sourceTree = BUILT_PRODUCTS_DIR; };
/* End PBXFileReference section */

/* Begin PBXFrameworksBuildPhase section */
		AF31559A1D11F209009025DE /* Frameworks */ = {
			isa = PBXFrameworksBuildPhase;
			buildActionMask = 2147483647;
			files = (
				CC15B6543F189C49388C534A /* Pods_flixapp.framework in Frameworks */,
			);
			runOnlyForDeploymentPostprocessing = 0;
		};
		AF3155AE1D11F209009025DE /* Frameworks */ = {
			isa = PBXFrameworksBuildPhase;
			buildActionMask = 2147483647;
			files = (
				D4BCB96E4495C173FC478DBA /* Pods_flixappTests.framework in Frameworks */,
			);
			runOnlyForDeploymentPostprocessing = 0;
		};
		AF3155B91D11F209009025DE /* Frameworks */ = {
			isa = PBXFrameworksBuildPhase;
			buildActionMask = 2147483647;
			files = (
				B1BBBC756BF9B847081C91A9 /* Pods_flixappUITests.framework in Frameworks */,
			);
			runOnlyForDeploymentPostprocessing = 0;
		};
/* End PBXFrameworksBuildPhase section */

/* Begin PBXGroup section */
		2CA42B11FCC6C4DD46FD7077 /* Frameworks */ = {
			isa = PBXGroup;
			children = (
				D981E39E3CB2139A9752873A /* Pods_flixapp.framework */,
				E2255638DBC3CB127910AD06 /* Pods_flixappTests.framework */,
				6874094225D95CA04A34BB0C /* Pods_flixappUITests.framework */,
			);
			name = Frameworks;
			sourceTree = "<group>";
		};
		AF3155941D11F209009025DE = {
			isa = PBXGroup;
			children = (
				AF31559F1D11F209009025DE /* flixapp */,
				AF3155B41D11F209009025DE /* flixappTests */,
				AF3155BF1D11F209009025DE /* flixappUITests */,
				AF31559E1D11F209009025DE /* Products */,
				E469FAF7E1C63C59DFC752BD /* Pods */,
				2CA42B11FCC6C4DD46FD7077 /* Frameworks */,
			);
			sourceTree = "<group>";
		};
		AF31559E1D11F209009025DE /* Products */ = {
			isa = PBXGroup;
			children = (
				AF31559D1D11F209009025DE /* flixapp.app */,
				AF3155B11D11F209009025DE /* flixappTests.xctest */,
				AF3155BC1D11F209009025DE /* flixappUITests.xctest */,
			);
			name = Products;
			sourceTree = "<group>";
		};
		AF31559F1D11F209009025DE /* flixapp */ = {
			isa = PBXGroup;
			children = (
				AF3155D31D11FAB7009025DE /* ViewControllers */,
				AF3155D01D11FA6E009025DE /* Views */,
				AF3155A01D11F209009025DE /* AppDelegate.swift */,
				AF3155A41D11F209009025DE /* Main.storyboard */,
				AF3155A71D11F209009025DE /* Assets.xcassets */,
				AF3155A91D11F209009025DE /* LaunchScreen.storyboard */,
				AF3155AC1D11F209009025DE /* Info.plist */,
			);
			path = flixapp;
			sourceTree = "<group>";
		};
		AF3155B41D11F209009025DE /* flixappTests */ = {
			isa = PBXGroup;
			children = (
				AF3155B51D11F209009025DE /* flixappTests.swift */,
				AF3155B71D11F209009025DE /* Info.plist */,
			);
			path = flixappTests;
			sourceTree = "<group>";
		};
		AF3155BF1D11F209009025DE /* flixappUITests */ = {
			isa = PBXGroup;
			children = (
				AF3155C01D11F209009025DE /* flixappUITests.swift */,
				AF3155C21D11F209009025DE /* Info.plist */,
			);
			path = flixappUITests;
			sourceTree = "<group>";
		};
		AF3155D01D11FA6E009025DE /* Views */ = {
			isa = PBXGroup;
			children = (
				AF3155D11D11FAA8009025DE /* MovieCell.swift */,
				AFA466CC1D14A30000F50E7A /* RentalCell.swift */,
			);
			name = Views;
			sourceTree = "<group>";
		};
		AF3155D31D11FAB7009025DE /* ViewControllers */ = {
			isa = PBXGroup;
			children = (
				AF3155CE1D11F265009025DE /* MovieViewController.swift */,
				AFA466881D128F8100F50E7A /* DetailViewController.swift */,
				AFA466CA1D14988700F50E7A /* RentalViewController.swift */,
				AFA466CE1D14BFB200F50E7A /* RentalDetailViewController.swift */,
			);
			name = ViewControllers;
			sourceTree = "<group>";
		};
		E469FAF7E1C63C59DFC752BD /* Pods */ = {
			isa = PBXGroup;
			children = (
				31B424325E35CF345DF629C5 /* Pods-flixapp.debug.xcconfig */,
				1A44C5C8F72B3C9B9AD9D19E /* Pods-flixapp.release.xcconfig */,
				68C6145B2430E4CD56579293 /* Pods-flixappTests.debug.xcconfig */,
				0CF9492DD7240EB9E04B273C /* Pods-flixappTests.release.xcconfig */,
				80E253835910E5C166ACAF8E /* Pods-flixappUITests.debug.xcconfig */,
				7A190F2E6AA5298990C4674E /* Pods-flixappUITests.release.xcconfig */,
			);
			name = Pods;
			sourceTree = "<group>";
		};
/* End PBXGroup section */

/* Begin PBXNativeTarget section */
		AF31559C1D11F209009025DE /* flixapp */ = {
			isa = PBXNativeTarget;
			buildConfigurationList = AF3155C51D11F209009025DE /* Build configuration list for PBXNativeTarget "flixapp" */;
			buildPhases = (
				7AFC76ACA9E7ABEE00F1A205 /* [CP] Check Pods Manifest.lock */,
				AF3155991D11F209009025DE /* Sources */,
				AF31559A1D11F209009025DE /* Frameworks */,
				AF31559B1D11F209009025DE /* Resources */,
				79CA52F2F755AFF0F6740111 /* [CP] Embed Pods Frameworks */,
				2389B701FB630E2AF2E91C81 /* [CP] Copy Pods Resources */,
			);
			buildRules = (
			);
			dependencies = (
			);
			name = flixapp;
			productName = flixapp;
			productReference = AF31559D1D11F209009025DE /* flixapp.app */;
			productType = "com.apple.product-type.application";
		};
		AF3155B01D11F209009025DE /* flixappTests */ = {
			isa = PBXNativeTarget;
			buildConfigurationList = AF3155C81D11F209009025DE /* Build configuration list for PBXNativeTarget "flixappTests" */;
			buildPhases = (
				5AA2B26B590C574463492888 /* [CP] Check Pods Manifest.lock */,
				AF3155AD1D11F209009025DE /* Sources */,
				AF3155AE1D11F209009025DE /* Frameworks */,
				AF3155AF1D11F209009025DE /* Resources */,
				D4ACFF14E1F2C082CB236927 /* [CP] Embed Pods Frameworks */,
				426EDB2A826921E1618CA133 /* [CP] Copy Pods Resources */,
			);
			buildRules = (
			);
			dependencies = (
				AF3155B31D11F209009025DE /* PBXTargetDependency */,
			);
			name = flixappTests;
			productName = flixappTests;
			productReference = AF3155B11D11F209009025DE /* flixappTests.xctest */;
			productType = "com.apple.product-type.bundle.unit-test";
		};
		AF3155BB1D11F209009025DE /* flixappUITests */ = {
			isa = PBXNativeTarget;
			buildConfigurationList = AF3155CB1D11F209009025DE /* Build configuration list for PBXNativeTarget "flixappUITests" */;
			buildPhases = (
				91381B245387FF51D065A2D1 /* [CP] Check Pods Manifest.lock */,
				AF3155B81D11F209009025DE /* Sources */,
				AF3155B91D11F209009025DE /* Frameworks */,
				AF3155BA1D11F209009025DE /* Resources */,
				8030A9ED5AD61000278A2368 /* [CP] Copy Pods Resources */,
			);
			buildRules = (
			);
			dependencies = (
				AF3155BE1D11F209009025DE /* PBXTargetDependency */,
			);
			name = flixappUITests;
			productName = flixappUITests;
			productReference = AF3155BC1D11F209009025DE /* flixappUITests.xctest */;
			productType = "com.apple.product-type.bundle.ui-testing";
		};
/* End PBXNativeTarget section */

/* Begin PBXProject section */
		AF3155951D11F209009025DE /* Project object */ = {
			isa = PBXProject;
			attributes = {
				LastSwiftUpdateCheck = 0730;
				LastUpgradeCheck = 0730;
				ORGANIZATIONNAME = "Angeline Rao";
				TargetAttributes = {
					AF31559C1D11F209009025DE = {
						CreatedOnToolsVersion = 7.3.1;
					};
					AF3155B01D11F209009025DE = {
						CreatedOnToolsVersion = 7.3.1;
						TestTargetID = AF31559C1D11F209009025DE;
					};
					AF3155BB1D11F209009025DE = {
						CreatedOnToolsVersion = 7.3.1;
						TestTargetID = AF31559C1D11F209009025DE;
					};
				};
			};
			buildConfigurationList = AF3155981D11F209009025DE /* Build configuration list for PBXProject "flixapp" */;
			compatibilityVersion = "Xcode 3.2";
			developmentRegion = English;
			hasScannedForEncodings = 0;
			knownRegions = (
				en,
				Base,
			);
			mainGroup = AF3155941D11F209009025DE;
			productRefGroup = AF31559E1D11F209009025DE /* Products */;
			projectDirPath = "";
			projectRoot = "";
			targets = (
				AF31559C1D11F209009025DE /* flixapp */,
				AF3155B01D11F209009025DE /* flixappTests */,
				AF3155BB1D11F209009025DE /* flixappUITests */,
			);
		};
/* End PBXProject section */

/* Begin PBXResourcesBuildPhase section */
		AF31559B1D11F209009025DE /* Resources */ = {
			isa = PBXResourcesBuildPhase;
			buildActionMask = 2147483647;
			files = (
				AF3155AB1D11F209009025DE /* LaunchScreen.storyboard in Resources */,
				AF3155A81D11F209009025DE /* Assets.xcassets in Resources */,
				AF3155A61D11F209009025DE /* Main.storyboard in Resources */,
			);
			runOnlyForDeploymentPostprocessing = 0;
		};
		AF3155AF1D11F209009025DE /* Resources */ = {
			isa = PBXResourcesBuildPhase;
			buildActionMask = 2147483647;
			files = (
			);
			runOnlyForDeploymentPostprocessing = 0;
		};
		AF3155BA1D11F209009025DE /* Resources */ = {
			isa = PBXResourcesBuildPhase;
			buildActionMask = 2147483647;
			files = (
			);
			runOnlyForDeploymentPostprocessing = 0;
		};
/* End PBXResourcesBuildPhase section */

/* Begin PBXShellScriptBuildPhase section */
		2389B701FB630E2AF2E91C81 /* [CP] Copy Pods Resources */ = {
			isa = PBXShellScriptBuildPhase;
			buildActionMask = 2147483647;
			files = (
			);
			inputPaths = (
			);
			name = "[CP] Copy Pods Resources";
			outputPaths = (
			);
			runOnlyForDeploymentPostprocessing = 0;
			shellPath = /bin/sh;
			shellScript = "\"${SRCROOT}/Pods/Target Support Files/Pods-flixapp/Pods-flixapp-resources.sh\"\n";
			showEnvVarsInLog = 0;
		};
		426EDB2A826921E1618CA133 /* [CP] Copy Pods Resources */ = {
			isa = PBXShellScriptBuildPhase;
			buildActionMask = 2147483647;
			files = (
			);
			inputPaths = (
			);
			name = "[CP] Copy Pods Resources";
			outputPaths = (
			);
			runOnlyForDeploymentPostprocessing = 0;
			shellPath = /bin/sh;
			shellScript = "\"${SRCROOT}/Pods/Target Support Files/Pods-flixappTests/Pods-flixappTests-resources.sh\"\n";
			showEnvVarsInLog = 0;
		};
		5AA2B26B590C574463492888 /* [CP] Check Pods Manifest.lock */ = {
			isa = PBXShellScriptBuildPhase;
			buildActionMask = 2147483647;
			files = (
			);
			inputPaths = (
			);
			name = "[CP] Check Pods Manifest.lock";
			outputPaths = (
			);
			runOnlyForDeploymentPostprocessing = 0;
			shellPath = /bin/sh;
			shellScript = "diff \"${PODS_ROOT}/../Podfile.lock\" \"${PODS_ROOT}/Manifest.lock\" > /dev/null\nif [[ $? != 0 ]] ; then\n    cat << EOM\nerror: The sandbox is not in sync with the Podfile.lock. Run 'pod install' or update your CocoaPods installation.\nEOM\n    exit 1\nfi\n";
			showEnvVarsInLog = 0;
		};
		79CA52F2F755AFF0F6740111 /* [CP] Embed Pods Frameworks */ = {
			isa = PBXShellScriptBuildPhase;
			buildActionMask = 2147483647;
			files = (
			);
			inputPaths = (
			);
			name = "[CP] Embed Pods Frameworks";
			outputPaths = (
			);
			runOnlyForDeploymentPostprocessing = 0;
			shellPath = /bin/sh;
			shellScript = "\"${SRCROOT}/Pods/Target Support Files/Pods-flixapp/Pods-flixapp-frameworks.sh\"\n";
			showEnvVarsInLog = 0;
		};
		7AFC76ACA9E7ABEE00F1A205 /* [CP] Check Pods Manifest.lock */ = {
			isa = PBXShellScriptBuildPhase;
			buildActionMask = 2147483647;
			files = (
			);
			inputPaths = (
			);
			name = "[CP] Check Pods Manifest.lock";
			outputPaths = (
			);
			runOnlyForDeploymentPostprocessing = 0;
			shellPath = /bin/sh;
			shellScript = "diff \"${PODS_ROOT}/../Podfile.lock\" \"${PODS_ROOT}/Manifest.lock\" > /dev/null\nif [[ $? != 0 ]] ; then\n    cat << EOM\nerror: The sandbox is not in sync with the Podfile.lock. Run 'pod install' or update your CocoaPods installation.\nEOM\n    exit 1\nfi\n";
			showEnvVarsInLog = 0;
		};
		8030A9ED5AD61000278A2368 /* [CP] Copy Pods Resources */ = {
			isa = PBXShellScriptBuildPhase;
			buildActionMask = 2147483647;
			files = (
			);
			inputPaths = (
			);
			name = "[CP] Copy Pods Resources";
			outputPaths = (
			);
			runOnlyForDeploymentPostprocessing = 0;
			shellPath = /bin/sh;
			shellScript = "\"${SRCROOT}/Pods/Target Support Files/Pods-flixappUITests/Pods-flixappUITests-resources.sh\"\n";
			showEnvVarsInLog = 0;
		};
		91381B245387FF51D065A2D1 /* [CP] Check Pods Manifest.lock */ = {
			isa = PBXShellScriptBuildPhase;
			buildActionMask = 2147483647;
			files = (
			);
			inputPaths = (
			);
			name = "[CP] Check Pods Manifest.lock";
			outputPaths = (
			);
			runOnlyForDeploymentPostprocessing = 0;
			shellPath = /bin/sh;
			shellScript = "diff \"${PODS_ROOT}/../Podfile.lock\" \"${PODS_ROOT}/Manifest.lock\" > /dev/null\nif [[ $? != 0 ]] ; then\n    cat << EOM\nerror: The sandbox is not in sync with the Podfile.lock. Run 'pod install' or update your CocoaPods installation.\nEOM\n    exit 1\nfi\n";
			showEnvVarsInLog = 0;
		};
		D4ACFF14E1F2C082CB236927 /* [CP] Embed Pods Frameworks */ = {
			isa = PBXShellScriptBuildPhase;
			buildActionMask = 2147483647;
			files = (
			);
			inputPaths = (
			);
			name = "[CP] Embed Pods Frameworks";
			outputPaths = (
			);
			runOnlyForDeploymentPostprocessing = 0;
			shellPath = /bin/sh;
			shellScript = "\"${SRCROOT}/Pods/Target Support Files/Pods-flixappTests/Pods-flixappTests-frameworks.sh\"\n";
			showEnvVarsInLog = 0;
		};
/* End PBXShellScriptBuildPhase section */

/* Begin PBXSourcesBuildPhase section */
		AF3155991D11F209009025DE /* Sources */ = {
			isa = PBXSourcesBuildPhase;
			buildActionMask = 2147483647;
			files = (
				AF3155A11D11F209009025DE /* AppDelegate.swift in Sources */,
				AF3155CF1D11F265009025DE /* MovieViewController.swift in Sources */,
				AFA466CF1D14BFB200F50E7A /* RentalDetailViewController.swift in Sources */,
				AFA466CB1D14988700F50E7A /* RentalViewController.swift in Sources */,
				AF3155D21D11FAA8009025DE /* MovieCell.swift in Sources */,
				AFA466891D128F8100F50E7A /* DetailViewController.swift in Sources */,
				AFA466CD1D14A30000F50E7A /* RentalCell.swift in Sources */,
			);
			runOnlyForDeploymentPostprocessing = 0;
		};
		AF3155AD1D11F209009025DE /* Sources */ = {
			isa = PBXSourcesBuildPhase;
			buildActionMask = 2147483647;
			files = (
				AF3155B61D11F209009025DE /* flixappTests.swift in Sources */,
			);
			runOnlyForDeploymentPostprocessing = 0;
		};
		AF3155B81D11F209009025DE /* Sources */ = {
			isa = PBXSourcesBuildPhase;
			buildActionMask = 2147483647;
			files = (
				AF3155C11D11F209009025DE /* flixappUITests.swift in Sources */,
			);
			runOnlyForDeploymentPostprocessing = 0;
		};
/* End PBXSourcesBuildPhase section */

/* Begin PBXTargetDependency section */
		AF3155B31D11F209009025DE /* PBXTargetDependency */ = {
			isa = PBXTargetDependency;
			target = AF31559C1D11F209009025DE /* flixapp */;
			targetProxy = AF3155B21D11F209009025DE /* PBXContainerItemProxy */;
		};
		AF3155BE1D11F209009025DE /* PBXTargetDependency */ = {
			isa = PBXTargetDependency;
			target = AF31559C1D11F209009025DE /* flixapp */;
			targetProxy = AF3155BD1D11F209009025DE /* PBXContainerItemProxy */;
		};
/* End PBXTargetDependency section */

/* Begin PBXVariantGroup section */
		AF3155A41D11F209009025DE /* Main.storyboard */ = {
			isa = PBXVariantGroup;
			children = (
				AF3155A51D11F209009025DE /* Base */,
			);
			name = Main.storyboard;
			sourceTree = "<group>";
		};
		AF3155A91D11F209009025DE /* LaunchScreen.storyboard */ = {
			isa = PBXVariantGroup;
			children = (
				AF3155AA1D11F209009025DE /* Base */,
			);
			name = LaunchScreen.storyboard;
			sourceTree = "<group>";
		};
/* End PBXVariantGroup section */

/* Begin XCBuildConfiguration section */
		AF3155C31D11F209009025DE /* Debug */ = {
			isa = XCBuildConfiguration;
			buildSettings = {
				ALWAYS_SEARCH_USER_PATHS = NO;
				CLANG_ANALYZER_NONNULL = YES;
				CLANG_CXX_LANGUAGE_STANDARD = "gnu++0x";
				CLANG_CXX_LIBRARY = "libc++";
				CLANG_ENABLE_MODULES = YES;
				CLANG_ENABLE_OBJC_ARC = YES;
				CLANG_WARN_BOOL_CONVERSION = YES;
				CLANG_WARN_CONSTANT_CONVERSION = YES;
				CLANG_WARN_DIRECT_OBJC_ISA_USAGE = YES_ERROR;
				CLANG_WARN_EMPTY_BODY = YES;
				CLANG_WARN_ENUM_CONVERSION = YES;
				CLANG_WARN_INT_CONVERSION = YES;
				CLANG_WARN_OBJC_ROOT_CLASS = YES_ERROR;
				CLANG_WARN_UNREACHABLE_CODE = YES;
				CLANG_WARN__DUPLICATE_METHOD_MATCH = YES;
				"CODE_SIGN_IDENTITY[sdk=iphoneos*]" = "iPhone Developer";
				COPY_PHASE_STRIP = NO;
				DEBUG_INFORMATION_FORMAT = dwarf;
				ENABLE_STRICT_OBJC_MSGSEND = YES;
				ENABLE_TESTABILITY = YES;
				GCC_C_LANGUAGE_STANDARD = gnu99;
				GCC_DYNAMIC_NO_PIC = NO;
				GCC_NO_COMMON_BLOCKS = YES;
				GCC_OPTIMIZATION_LEVEL = 0;
				GCC_PREPROCESSOR_DEFINITIONS = (
					"DEBUG=1",
					"$(inherited)",
				);
				GCC_WARN_64_TO_32_BIT_CONVERSION = YES;
				GCC_WARN_ABOUT_RETURN_TYPE = YES_ERROR;
				GCC_WARN_UNDECLARED_SELECTOR = YES;
				GCC_WARN_UNINITIALIZED_AUTOS = YES_AGGRESSIVE;
				GCC_WARN_UNUSED_FUNCTION = YES;
				GCC_WARN_UNUSED_VARIABLE = YES;
				IPHONEOS_DEPLOYMENT_TARGET = 9.3;
				MTL_ENABLE_DEBUG_INFO = YES;
				ONLY_ACTIVE_ARCH = YES;
				SDKROOT = iphoneos;
				SWIFT_OPTIMIZATION_LEVEL = "-Onone";
			};
			name = Debug;
		};
		AF3155C41D11F209009025DE /* Release */ = {
			isa = XCBuildConfiguration;
			buildSettings = {
				ALWAYS_SEARCH_USER_PATHS = NO;
				CLANG_ANALYZER_NONNULL = YES;
				CLANG_CXX_LANGUAGE_STANDARD = "gnu++0x";
				CLANG_CXX_LIBRARY = "libc++";
				CLANG_ENABLE_MODULES = YES;
				CLANG_ENABLE_OBJC_ARC = YES;
				CLANG_WARN_BOOL_CONVERSION = YES;
				CLANG_WARN_CONSTANT_CONVERSION = YES;
				CLANG_WARN_DIRECT_OBJC_ISA_USAGE = YES_ERROR;
				CLANG_WARN_EMPTY_BODY = YES;
				CLANG_WARN_ENUM_CONVERSION = YES;
				CLANG_WARN_INT_CONVERSION = YES;
				CLANG_WARN_OBJC_ROOT_CLASS = YES_ERROR;
				CLANG_WARN_UNREACHABLE_CODE = YES;
				CLANG_WARN__DUPLICATE_METHOD_MATCH = YES;
				"CODE_SIGN_IDENTITY[sdk=iphoneos*]" = "iPhone Developer";
				COPY_PHASE_STRIP = NO;
				DEBUG_INFORMATION_FORMAT = "dwarf-with-dsym";
				ENABLE_NS_ASSERTIONS = NO;
				ENABLE_STRICT_OBJC_MSGSEND = YES;
				GCC_C_LANGUAGE_STANDARD = gnu99;
				GCC_NO_COMMON_BLOCKS = YES;
				GCC_WARN_64_TO_32_BIT_CONVERSION = YES;
				GCC_WARN_ABOUT_RETURN_TYPE = YES_ERROR;
				GCC_WARN_UNDECLARED_SELECTOR = YES;
				GCC_WARN_UNINITIALIZED_AUTOS = YES_AGGRESSIVE;
				GCC_WARN_UNUSED_FUNCTION = YES;
				GCC_WARN_UNUSED_VARIABLE = YES;
				IPHONEOS_DEPLOYMENT_TARGET = 9.3;
				MTL_ENABLE_DEBUG_INFO = NO;
				SDKROOT = iphoneos;
				VALIDATE_PRODUCT = YES;
			};
			name = Release;
		};
		AF3155C61D11F209009025DE /* Debug */ = {
			isa = XCBuildConfiguration;
			baseConfigurationReference = 31B424325E35CF345DF629C5 /* Pods-flixapp.debug.xcconfig */;
			buildSettings = {
				ASSETCATALOG_COMPILER_APPICON_NAME = AppIcon;
				INFOPLIST_FILE = flixapp/Info.plist;
				LD_RUNPATH_SEARCH_PATHS = "$(inherited) @executable_path/Frameworks";
				PRODUCT_BUNDLE_IDENTIFIER = com.facebook.flixapp;
				PRODUCT_NAME = "$(TARGET_NAME)";
			};
			name = Debug;
		};
		AF3155C71D11F209009025DE /* Release */ = {
			isa = XCBuildConfiguration;
			baseConfigurationReference = 1A44C5C8F72B3C9B9AD9D19E /* Pods-flixapp.release.xcconfig */;
			buildSettings = {
				ASSETCATALOG_COMPILER_APPICON_NAME = AppIcon;
				INFOPLIST_FILE = flixapp/Info.plist;
				LD_RUNPATH_SEARCH_PATHS = "$(inherited) @executable_path/Frameworks";
				PRODUCT_BUNDLE_IDENTIFIER = com.facebook.flixapp;
				PRODUCT_NAME = "$(TARGET_NAME)";
			};
			name = Release;
		};
		AF3155C91D11F209009025DE /* Debug */ = {
			isa = XCBuildConfiguration;
			baseConfigurationReference = 68C6145B2430E4CD56579293 /* Pods-flixappTests.debug.xcconfig */;
			buildSettings = {
				BUNDLE_LOADER = "$(TEST_HOST)";
				INFOPLIST_FILE = flixappTests/Info.plist;
				LD_RUNPATH_SEARCH_PATHS = "$(inherited) @executable_path/Frameworks @loader_path/Frameworks";
				PRODUCT_BUNDLE_IDENTIFIER = com.facebook.flixappTests;
				PRODUCT_NAME = "$(TARGET_NAME)";
				TEST_HOST = "$(BUILT_PRODUCTS_DIR)/flixapp.app/flixapp";
			};
			name = Debug;
		};
		AF3155CA1D11F209009025DE /* Release */ = {
			isa = XCBuildConfiguration;
			baseConfigurationReference = 0CF9492DD7240EB9E04B273C /* Pods-flixappTests.release.xcconfig */;
			buildSettings = {
				BUNDLE_LOADER = "$(TEST_HOST)";
				INFOPLIST_FILE = flixappTests/Info.plist;
				LD_RUNPATH_SEARCH_PATHS = "$(inherited) @executable_path/Frameworks @loader_path/Frameworks";
				PRODUCT_BUNDLE_IDENTIFIER = com.facebook.flixappTests;
				PRODUCT_NAME = "$(TARGET_NAME)";
				TEST_HOST = "$(BUILT_PRODUCTS_DIR)/flixapp.app/flixapp";
			};
			name = Release;
		};
		AF3155CC1D11F209009025DE /* Debug */ = {
			isa = XCBuildConfiguration;
			baseConfigurationReference = 80E253835910E5C166ACAF8E /* Pods-flixappUITests.debug.xcconfig */;
			buildSettings = {
				INFOPLIST_FILE = flixappUITests/Info.plist;
				LD_RUNPATH_SEARCH_PATHS = "$(inherited) @executable_path/Frameworks @loader_path/Frameworks";
				PRODUCT_BUNDLE_IDENTIFIER = com.facebook.flixappUITests;
				PRODUCT_NAME = "$(TARGET_NAME)";
				TEST_TARGET_NAME = flixapp;
			};
			name = Debug;
		};
		AF3155CD1D11F209009025DE /* Release */ = {
			isa = XCBuildConfiguration;
			baseConfigurationReference = 7A190F2E6AA5298990C4674E /* Pods-flixappUITests.release.xcconfig */;
			buildSettings = {
				INFOPLIST_FILE = flixappUITests/Info.plist;
				LD_RUNPATH_SEARCH_PATHS = "$(inherited) @executable_path/Frameworks @loader_path/Frameworks";
				PRODUCT_BUNDLE_IDENTIFIER = com.facebook.flixappUITests;
				PRODUCT_NAME = "$(TARGET_NAME)";
				TEST_TARGET_NAME = flixapp;
			};
			name = Release;
		};
/* End XCBuildConfiguration section */

/* Begin XCConfigurationList section */
		AF3155981D11F209009025DE /* Build configuration list for PBXProject "flixapp" */ = {
			isa = XCConfigurationList;
			buildConfigurations = (
				AF3155C31D11F209009025DE /* Debug */,
				AF3155C41D11F209009025DE /* Release */,
			);
			defaultConfigurationIsVisible = 0;
			defaultConfigurationName = Release;
		};
		AF3155C51D11F209009025DE /* Build configuration list for PBXNativeTarget "flixapp" */ = {
			isa = XCConfigurationList;
			buildConfigurations = (
				AF3155C61D11F209009025DE /* Debug */,
				AF3155C71D11F209009025DE /* Release */,
			);
			defaultConfigurationIsVisible = 0;
			defaultConfigurationName = Release;
		};
		AF3155C81D11F209009025DE /* Build configuration list for PBXNativeTarget "flixappTests" */ = {
			isa = XCConfigurationList;
			buildConfigurations = (
				AF3155C91D11F209009025DE /* Debug */,
				AF3155CA1D11F209009025DE /* Release */,
			);
			defaultConfigurationIsVisible = 0;
			defaultConfigurationName = Release;
		};
		AF3155CB1D11F209009025DE /* Build configuration list for PBXNativeTarget "flixappUITests" */ = {
			isa = XCConfigurationList;
			buildConfigurations = (
				AF3155CC1D11F209009025DE /* Debug */,
				AF3155CD1D11F209009025DE /* Release */,
			);
			defaultConfigurationIsVisible = 0;
			defaultConfigurationName = Release;
		};
/* End XCConfigurationList section */
	};
	rootObject = AF3155951D11F209009025DE /* Project object */;
}
